{
  "nodes": {
    "nixpkgs": {
      "locked": {
        "lastModified": 1765472234,
        "narHash": "sha256-9VvC20PJPsleGMewwcWYKGzDIyjckEz8uWmT0vCDYK0=",
        "owner": "NixOS",
        "repo": "nixpkgs",
        "rev": "2fbfb1d73d239d2402a8fe03963e37aab15abe8b",
        "type": "github"
      },
      "original": {
        "owner": "NixOS",
        "ref": "nixos-unstable",
        "repo": "nixpkgs",
        "type": "github"
      }
    },
    "root": {
      "inputs": {
        "nixpkgs": "nixpkgs",
        "wine-overlays": "wine-overlays"
      }
    },
    "wine-overlays": {
      "inputs": {
        "nixpkgs": [
          "nixpkgs"
        ]
      },
      "locked": {
        "lastModified": 1765474029,
        "narHash": "sha256-oNA2vCXv/h4siynn6OljtX9XM0k2lCHlUlv8npiHDGc=",
        "owner": "clemenscodes",
        "repo": "wine-overlays",
        "rev": "4afa6e2080e61588ff298201149944e355df0c78",
        "type": "github"
      },
      "original": {
        "owner": "clemenscodes",
        "repo": "wine-overlays",
        "type": "github"
      }
    }
  },
  "root": "root",
  "version": 7
}
